
Microsoft Visual Studio Solution File, Format Version 12.00
# Visual Studio Version 16
VisualStudioVersion = 16.0.30611.23
MinimumVisualStudioVersion = 10.0.40219.1
Project("{9A19103F-16F7-4668-BE54-9A1E7A4F7556}") = "IST215C_Project", "WPF_LINQ_Exceptions\IST215C_Project.csproj", "{97CED999-87CC-46F0-B343-3009622B7463}"
EndProject
Project("{C7167F0D-BC9F-4E6E-AFE1-012C56B48DB5}") = "IST215CProjetInstaller", "IST215CProjetInstaller\IST215CProjetInstaller.wapproj", "{BEDB5B27-4245-45DA-BDAD-2873939CC168}"
EndProject
Global
	GlobalSection(SolutionConfigurationPlatforms) = preSolution
		Debug|Any CPU = Debug|Any CPU
		Debug|ARM = Debug|ARM
		Debug|ARM64 = Debug|ARM64
		Debug|x64 = Debug|x64
		Debug|x86 = Debug|x86
		Release|Any CPU = Release|Any CPU
		Release|ARM = Release|ARM
		Release|ARM64 = Release|ARM64
		Release|x64 = Release|x64
		Release|x86 = Release|x86
	EndGlobalSection
	GlobalSection(ProjectConfigurationPlatforms) = postSolution
		{97CED999-87CC-46F0-B343-3009622B7463}.Debug|Any CPU.ActiveCfg = Debug|Any CPU
		{97CED999-87CC-46F0-B343-3009622B7463}.Debug|Any CPU.Build.0 = Debug|Any CPU
		{97CED999-87CC-46F0-B343-3009622B7463}.Debug|ARM.ActiveCfg = Debug|Any CPU
		{97CED999-87CC-46F0-B343-3009622B7463}.Debug|ARM.Build.0 = Debug|Any CPU
		{97CED999-87CC-46F0-B343-3009622B7463}.Debug|ARM64.ActiveCfg = Debug|Any CPU
		{97CED999-87CC-46F0-B343-3009622B7463}.Debug|ARM64.Build.0 = Debug|Any CPU
		{97CED999-87CC-46F0-B343-3009622B7463}.Debug|x64.ActiveCfg = Debug|x64
		{97CED999-87CC-46F0-B343-3009622B7463}.Debug|x64.Build.0 = Debug|x64
		{97CED999-87CC-46F0-B343-3009622B7463}.Debug|x86.ActiveCfg = Debug|Any CPU
		{97CED999-87CC-46F0-B343-3009622B7463}.Debug|x86.Build.0 = Debug|Any CPU
		{97CED999-87CC-46F0-B343-3009622B7463}.Release|Any CPU.ActiveCfg = Release|Any CPU
		{97CED999-87CC-46F0-B343-3009622B7463}.Release|Any CPU.Build.0 = Release|Any CPU
		{97CED999-87CC-46F0-B343-3009622B7463}.Release|ARM.ActiveCfg = Release|Any CPU
		{97CED999-87CC-46F0-B343-3009622B7463}.Release|ARM.Build.0 = Release|Any CPU
		{97CED999-87CC-46F0-B343-3009622B7463}.Release|ARM64.ActiveCfg = Release|Any CPU
		{97CED999-87CC-46F0-B343-3009622B7463}.Release|ARM64.Build.0 = Release|Any CPU
		{97CED999-87CC-46F0-B343-3009622B7463}.Release|x64.ActiveCfg = Release|x64
		{97CED999-87CC-46F0-B343-3009622B7463}.Release|x64.Build.0 = Release|x64
		{97CED999-87CC-46F0-B343-3009622B7463}.Release|x86.ActiveCfg = Release|x86
		{97CED999-87CC-46F0-B343-3009622B7463}.Release|x86.Build.0 = Release|x86
		{BEDB5B27-4245-45DA-BDAD-2873939CC168}.Debug|Any CPU.ActiveCfg = Debug|Any CPU
		{BEDB5B27-4245-45DA-BDAD-2873939CC168}.Debug|Any CPU.Build.0 = Debug|Any CPU
		{BEDB5B27-4245-45DA-BDAD-2873939CC168}.Debug|Any CPU.Deploy.0 = Debug|Any CPU
		{BEDB5B27-4245-45DA-BDAD-2873939CC168}.Debug|ARM.ActiveCfg = Debug|ARM
		{BEDB5B27-4245-45DA-BDAD-2873939CC168}.Debug|ARM.Build.0 = Debug|ARM
		{BEDB5B27-4245-45DA-BDAD-2873939CC168}.Debug|ARM.Deploy.0 = Debug|ARM
		{BEDB5B27-4245-45DA-BDAD-2873939CC168}.Debug|ARM64.ActiveCfg = Debug|ARM64
		{BEDB5B27-4245-45DA-BDAD-2873939CC168}.Debug|ARM64.Build.0 = Debug|ARM64
		{BEDB5B27-4245-45DA-BDAD-2873939CC168}.Debug|ARM64.Deploy.0 = Debug|ARM64
		{BEDB5B27-4245-45DA-BDAD-2873939CC168}.Debug|x64.ActiveCfg = Debug|x64
		{BEDB5B27-4245-45DA-BDAD-2873939CC168}.Debug|x64.Build.0 = Debug|x64
		{BEDB5B27-4245-45DA-BDAD-2873939CC168}.Debug|x64.Deploy.0 = Debug|x64
		{BEDB5B27-4245-45DA-BDAD-2873939CC168}.Debug|x86.ActiveCfg = Debug|x86
		{BEDB5B27-4245-45DA-BDAD-2873939CC168}.Debug|x86.Build.0 = Debug|x86
		{BEDB5B27-4245-45DA-BDAD-2873939CC168}.Debug|x86.Deploy.0 = Debug|x86
		{BEDB5B27-4245-45DA-BDAD-2873939CC168}.Release|Any CPU.ActiveCfg = Release|Any CPU
		{BEDB5B27-4245-45DA-BDAD-2873939CC168}.Release|Any CPU.Build.0 = Release|Any CPU
		{BEDB5B27-4245-45DA-BDAD-2873939CC168}.Release|Any CPU.Deploy.0 = Release|Any CPU
		{BEDB5B27-4245-45DA-BDAD-2873939CC168}.Release|ARM.ActiveCfg = Release|ARM
		{BEDB5B27-4245-45DA-BDAD-2873939CC168}.Release|ARM.Build.0 = Release|ARM
		{BEDB5B27-4245-45DA-BDAD-2873939CC168}.Release|ARM.Deploy.0 = Release|ARM
		{BEDB5B27-4245-45DA-BDAD-2873939CC168}.Release|ARM64.ActiveCfg = Release|ARM64
		{BEDB5B27-4245-45DA-BDAD-2873939CC168}.Release|ARM64.Build.0 = Release|ARM64
		{BEDB5B27-4245-45DA-BDAD-2873939CC168}.Release|ARM64.Deploy.0 = Release|ARM64
		{BEDB5B27-4245-45DA-BDAD-2873939CC168}.Release|x64.ActiveCfg = Release|x64
		{BEDB5B27-4245-45DA-BDAD-2873939CC168}.Release|x64.Build.0 = Release|x64
		{BEDB5B27-4245-45DA-BDAD-2873939CC168}.Release|x64.Deploy.0 = Release|x64
		{BEDB5B27-4245-45DA-BDAD-2873939CC168}.Release|x86.ActiveCfg = Release|x86
		{BEDB5B27-4245-45DA-BDAD-2873939CC168}.Release|x86.Build.0 = Release|x86
		{BEDB5B27-4245-45DA-BDAD-2873939CC168}.Release|x86.Deploy.0 = Release|x86
	EndGlobalSection
	GlobalSection(SolutionProperties) = preSolution
		HideSolutionNode = FALSE
	EndGlobalSection
	GlobalSection(ExtensibilityGlobals) = postSolution
		SolutionGuid = {326DF9FA-ACA6-432C-815C-4DDCFFCDC2F3}
	EndGlobalSection
EndGlobal
